Microsoft Visual Studio Solution File, Format Version 12.00
# Visual Studio Version 17
VisualStudioVersion = 17.5.2.0
MinimumVisualStudioVersion = 10.0.40219.1
Project("{FAE04EC0-301F-11D3-BF4B-00C04F79EFBC}") = "ViewComponentDemo", "ViewComponentDemo.csproj", "{D7924262-CCCE-FE2F-92EF-E5528751FCFD}"
EndProject
Global
	GlobalSection(SolutionConfigurationPlatforms) = preSolution
		Debug|Any CPU = Debug|Any CPU
		Release|Any CPU = Release|Any CPU
	EndGlobalSection
	GlobalSection(ProjectConfigurationPlatforms) = postSolution
		{D7924262-CCCE-FE2F-92EF-E5528751FCFD}.Debug|Any CPU.ActiveCfg = Debug|Any CPU
		{D7924262-CCCE-FE2F-92EF-E5528751FCFD}.Debug|Any CPU.Build.0 = Debug|Any CPU
		{D7924262-CCCE-FE2F-92EF-E5528751FCFD}.Release|Any CPU.ActiveCfg = Release|Any CPU
		{D7924262-CCCE-FE2F-92EF-E5528751FCFD}.Release|Any CPU.Build.0 = Release|Any CPU
	EndGlobalSection
	GlobalSection(SolutionProperties) = preSolution
		HideSolutionNode = FALSE
	EndGlobalSection
	GlobalSection(ExtensibilityGlobals) = postSolution
		SolutionGuid = {CD9A5E25-2115-47C4-BEF1-50A8BF02604D}
	EndGlobalSection
EndGlobal
